// !$*UTF8*$!
{
	archiveVersion = 1;
	classes = {
	};
	objectVersion = 46;
	objects = {

/* Begin PBXBuildFile section */
		037F0E271F1342EE001EBFE8 /* AppDelegate.swift in Sources */ = {isa = PBXBuildFile; fileRef = 037F0E261F1342EE001EBFE8 /* AppDelegate.swift */; };
		037F0E291F1342EE001EBFE8 /* ViewController.swift in Sources */ = {isa = PBXBuildFile; fileRef = 037F0E281F1342EE001EBFE8 /* ViewController.swift */; };
		037F0E2C1F1342EE001EBFE8 /* Main.storyboard in Resources */ = {isa = PBXBuildFile; fileRef = 037F0E2A1F1342EE001EBFE8 /* Main.storyboard */; };
		037F0E2E1F1342EF001EBFE8 /* Assets.xcassets in Resources */ = {isa = PBXBuildFile; fileRef = 037F0E2D1F1342EF001EBFE8 /* Assets.xcassets */; };
		037F0E311F1342EF001EBFE8 /* LaunchScreen.storyboard in Resources */ = {isa = PBXBuildFile; fileRef = 037F0E2F1F1342EF001EBFE8 /* LaunchScreen.storyboard */; };
		03BD713F1F14BBEE00785BCA /* APP_loading.png in Resources */ = {isa = PBXBuildFile; fileRef = 03BD713E1F14BBEE00785BCA /* APP_loading.png */; };
		03CD4C481F1469BD007590DC /* APP_loading.storyboard in Resources */ = {isa = PBXBuildFile; fileRef = 03CD4C471F1469BD007590DC /* APP_loading.storyboard */; };
/* End PBXBuildFile section */

/* Begin PBXFileReference section */
		037F0E231F1342EE001EBFE8 /* GoWith.app */ = {isa = PBXFileReference; explicitFileType = wrapper.application; includeInIndex = 0; path = GoWith.app; sourceTree = BUILT_PRODUCTS_DIR; };
		037F0E261F1342EE001EBFE8 /* AppDelegate.swift */ = {isa = PBXFileReference; lastKnownFileType = sourcecode.swift; path = AppDelegate.swift; sourceTree = "<group>"; };
		037F0E281F1342EE001EBFE8 /* ViewController.swift */ = {isa = PBXFileReference; lastKnownFileType = sourcecode.swift; path = ViewController.swift; sourceTree = "<group>"; };
		037F0E2B1F1342EE001EBFE8 /* Base */ = {isa = PBXFileReference; lastKnownFileType = file.storyboard; name = Base; path = Base.lproj/Main.storyboard; sourceTree = "<group>"; };
		037F0E2D1F1342EF001EBFE8 /* Assets.xcassets */ = {isa = PBXFileReference; lastKnownFileType = folder.assetcatalog; path = Assets.xcassets; sourceTree = "<group>"; };
		037F0E301F1342EF001EBFE8 /* Base */ = {isa = PBXFileReference; lastKnownFileType = file.storyboard; name = Base; path = Base.lproj/LaunchScreen.storyboard; sourceTree = "<group>"; };
		037F0E321F1342EF001EBFE8 /* Info.plist */ = {isa = PBXFileReference; lastKnownFileType = text.plist.xml; path = Info.plist; sourceTree = "<group>"; };
		037F0E391F136446001EBFE8 /* en */ = {isa = PBXFileReference; lastKnownFileType = text.plist.strings; name = en; path = en.lproj/Main.strings; sourceTree = "<group>"; };
		03BD713E1F14BBEE00785BCA /* APP_loading.png */ = {isa = PBXFileReference; lastKnownFileType = image.png; path = APP_loading.png; sourceTree = "<group>"; };
		03CD4C471F1469BD007590DC /* APP_loading.storyboard */ = {isa = PBXFileReference; fileEncoding = 4; lastKnownFileType = file.storyboard; name = APP_loading.storyboard; path = Assets.xcassets/APP_loading.storyboard; sourceTree = "<group>"; };
/* End PBXFileReference section */

/* Begin PBXFrameworksBuildPhase section */
		037F0E201F1342EE001EBFE8 /* Frameworks */ = {
			isa = PBXFrameworksBuildPhase;
			buildActionMask = 2147483647;
			files = (
			);
			runOnlyForDeploymentPostprocessing = 0;
		};
/* End PBXFrameworksBuildPhase section */

/* Begin PBXGroup section */
		037F0E1A1F1342EE001EBFE8 = {
			isa = PBXGroup;
			children = (
				037F0E251F1342EE001EBFE8 /* GoWith */,
				037F0E241F1342EE001EBFE8 /* Products */,
			);
			sourceTree = "<group>";
		};
		037F0E241F1342EE001EBFE8 /* Products */ = {
			isa = PBXGroup;
			children = (
				037F0E231F1342EE001EBFE8 /* GoWith.app */,
			);
			name = Products;
			sourceTree = "<group>";
		};
		037F0E251F1342EE001EBFE8 /* GoWith */ = {
			isa = PBXGroup;
			children = (
				037F0E261F1342EE001EBFE8 /* AppDelegate.swift */,
				037F0E281F1342EE001EBFE8 /* ViewController.swift */,
				037F0E2A1F1342EE001EBFE8 /* Main.storyboard */,
				037F0E2D1F1342EF001EBFE8 /* Assets.xcassets */,
				03CD4C471F1469BD007590DC /* APP_loading.storyboard */,
				037F0E2F1F1342EF001EBFE8 /* LaunchScreen.storyboard */,
				037F0E321F1342EF001EBFE8 /* Info.plist */,
				03BD713E1F14BBEE00785BCA /* APP_loading.png */,
			);
			path = GoWith;
			sourceTree = "<group>";
		};
/* End PBXGroup section */

/* Begin PBXNativeTarget section */
		037F0E221F1342EE001EBFE8 /* GoWith */ = {
			isa = PBXNativeTarget;
			buildConfigurationList = 037F0E351F1342EF001EBFE8 /* Build configuration list for PBXNativeTarget "GoWith" */;
			buildPhases = (
				037F0E1F1F1342EE001EBFE8 /* Sources */,
				037F0E201F1342EE001EBFE8 /* Frameworks */,
				037F0E211F1342EE001EBFE8 /* Resources */,
			);
			buildRules = (
			);
			dependencies = (
			);
			name = GoWith;
			productName = GoWith;
			productReference = 037F0E231F1342EE001EBFE8 /* GoWith.app */;
			productType = "com.apple.product-type.application";
		};
/* End PBXNativeTarget section */

/* Begin PBXProject section */
		037F0E1B1F1342EE001EBFE8 /* Project object */ = {
			isa = PBXProject;
			attributes = {
				LastSwiftUpdateCheck = 0830;
				LastUpgradeCheck = 0830;
				ORGANIZATIONNAME = withhome;
				TargetAttributes = {
					037F0E221F1342EE001EBFE8 = {
						CreatedOnToolsVersion = 8.3.3;
						DevelopmentTeam = 4UP9H99AUM;
						ProvisioningStyle = Automatic;
					};
				};
			};
			buildConfigurationList = 037F0E1E1F1342EE001EBFE8 /* Build configuration list for PBXProject "GoWith" */;
			compatibilityVersion = "Xcode 3.2";
			developmentRegion = English;
			hasScannedForEncodings = 0;
			knownRegions = (
				en,
				Base,
			);
			mainGroup = 037F0E1A1F1342EE001EBFE8;
			productRefGroup = 037F0E241F1342EE001EBFE8 /* Products */;
			projectDirPath = "";
			projectRoot = "";
			targets = (
				037F0E221F1342EE001EBFE8 /* GoWith */,
			);
		};
/* End PBXProject section */

/* Begin PBXResourcesBuildPhase section */
		037F0E211F1342EE001EBFE8 /* Resources */ = {
			isa = PBXResourcesBuildPhase;
			buildActionMask = 2147483647;
			files = (
				037F0E311F1342EF001EBFE8 /* LaunchScreen.storyboard in Resources */,
				037F0E2E1F1342EF001EBFE8 /* Assets.xcassets in Resources */,
				037F0E2C1F1342EE001EBFE8 /* Main.storyboard in Resources */,
				03BD713F1F14BBEE00785BCA /* APP_loading.png in Resources */,
				03CD4C481F1469BD007590DC /* APP_loading.storyboard in Resources */,
			);
			runOnlyForDeploymentPostprocessing = 0;
		};
/* End PBXResourcesBuildPhase section */

/* Begin PBXSourcesBuildPhase section */
		037F0E1F1F1342EE001EBFE8 /* Sources */ = {
			isa = PBXSourcesBuildPhase;
			buildActionMask = 2147483647;
			files = (
				037F0E291F1342EE001EBFE8 /* ViewController.swift in Sources */,
				037F0E271F1342EE001EBFE8 /* AppDelegate.swift in Sources */,
			);
			runOnlyForDeploymentPostprocessing = 0;
		};
/* End PBXSourcesBuildPhase section */

/* Begin PBXVariantGroup section */
		037F0E2A1F1342EE001EBFE8 /* Main.storyboard */ = {
			isa = PBXVariantGroup;
			children = (
				037F0E2B1F1342EE001EBFE8 /* Base */,
				037F0E391F136446001EBFE8 /* en */,
			);
			name = Main.storyboard;
			sourceTree = "<group>";
		};
		037F0E2F1F1342EF001EBFE8 /* LaunchScreen.storyboard */ = {
			isa = PBXVariantGroup;
			children = (
				037F0E301F1342EF001EBFE8 /* Base */,
			);
			name = LaunchScreen.storyboard;
			sourceTree = "<group>";
		};
/* End PBXVariantGroup section */

/* Begin XCBuildConfiguration section */
		037F0E331F1342EF001EBFE8 /* Debug */ = {
			isa = XCBuildConfiguration;
			buildSettings = {
				ALWAYS_SEARCH_USER_PATHS = NO;
				CLANG_ANALYZER_NONNULL = YES;
				CLANG_ANALYZER_NUMBER_OBJECT_CONVERSION = YES_AGGRESSIVE;
				CLANG_CXX_LANGUAGE_STANDARD = "gnu++0x";
				CLANG_CXX_LIBRARY = "libc++";
				CLANG_ENABLE_MODULES = YES;
				CLANG_ENABLE_OBJC_ARC = YES;
				CLANG_WARN_BOOL_CONVERSION = YES;
				CLANG_WARN_CONSTANT_CONVERSION = YES;
				CLANG_WARN_DIRECT_OBJC_ISA_USAGE = YES_ERROR;
				CLANG_WARN_DOCUMENTATION_COMMENTS = YES;
				CLANG_WARN_EMPTY_BODY = YES;
				CLANG_WARN_ENUM_CONVERSION = YES;
				CLANG_WARN_INFINITE_RECURSION = YES;
				CLANG_WARN_INT_CONVERSION = YES;
				CLANG_WARN_OBJC_ROOT_CLASS = YES_ERROR;
				CLANG_WARN_SUSPICIOUS_MOVE = YES;
				CLANG_WARN_UNREACHABLE_CODE = YES;
				CLANG_WARN__DUPLICATE_METHOD_MATCH = YES;
				"CODE_SIGN_IDENTITY[sdk=iphoneos*]" = "iPhone Developer";
				COPY_PHASE_STRIP = NO;
				DEBUG_INFORMATION_FORMAT = dwarf;
				ENABLE_STRICT_OBJC_MSGSEND = YES;
				ENABLE_TESTABILITY = YES;
				GCC_C_LANGUAGE_STANDARD = gnu99;
				GCC_DYNAMIC_NO_PIC = NO;
				GCC_NO_COMMON_BLOCKS = YES;
				GCC_OPTIMIZATION_LEVEL = 0;
				GCC_PREPROCESSOR_DEFINITIONS = (
					"DEBUG=1",
					"$(inherited)",
				);
				GCC_WARN_64_TO_32_BIT_CONVERSION = YES;
				GCC_WARN_ABOUT_RETURN_TYPE = YES_ERROR;
				GCC_WARN_UNDECLARED_SELECTOR = YES;
				GCC_WARN_UNINITIALIZED_AUTOS = YES_AGGRESSIVE;
				GCC_WARN_UNUSED_FUNCTION = YES;
				GCC_WARN_UNUSED_VARIABLE = YES;
				IPHONEOS_DEPLOYMENT_TARGET = 9.0;
				MTL_ENABLE_DEBUG_INFO = YES;
				ONLY_ACTIVE_ARCH = YES;
				SDKROOT = iphoneos;
				SWIFT_ACTIVE_COMPILATION_CONDITIONS = DEBUG;
				SWIFT_OPTIMIZATION_LEVEL = "-Onone";
				TARGETED_DEVICE_FAMILY = "1,2";
			};
			name = Debug;
		};
		037F0E341F1342EF001EBFE8 /* Release */ = {
			isa = XCBuildConfiguration;
			buildSettings = {
				ALWAYS_SEARCH_USER_PATHS = NO;
				CLANG_ANALYZER_NONNULL = YES;
				CLANG_ANALYZER_NUMBER_OBJECT_CONVERSION = YES_AGGRESSIVE;
				CLANG_CXX_LANGUAGE_STANDARD = "gnu++0x";
				CLANG_CXX_LIBRARY = "libc++";
				CLANG_ENABLE_MODULES = YES;
				CLANG_ENABLE_OBJC_ARC = YES;
				CLANG_WARN_BOOL_CONVERSION = YES;
				CLANG_WARN_CONSTANT_CONVERSION = YES;
				CLANG_WARN_DIRECT_OBJC_ISA_USAGE = YES_ERROR;
				CLANG_WARN_DOCUMENTATION_COMMENTS = YES;
				CLANG_WARN_EMPTY_BODY = YES;
				CLANG_WARN_ENUM_CONVERSION = YES;
				CLANG_WARN_INFINITE_RECURSION = YES;
				CLANG_WARN_INT_CONVERSION = YES;
				CLANG_WARN_OBJC_ROOT_CLASS = YES_ERROR;
				CLANG_WARN_SUSPICIOUS_MOVE = YES;
				CLANG_WARN_UNREACHABLE_CODE = YES;
				CLANG_WARN__DUPLICATE_METHOD_MATCH = YES;
				"CODE_SIGN_IDENTITY[sdk=iphoneos*]" = "iPhone Developer";
				COPY_PHASE_STRIP = NO;
				DEBUG_INFORMATION_FORMAT = "dwarf-with-dsym";
				ENABLE_NS_ASSERTIONS = NO;
				ENABLE_STRICT_OBJC_MSGSEND = YES;
				GCC_C_LANGUAGE_STANDARD = gnu99;
				GCC_NO_COMMON_BLOCKS = YES;
				GCC_WARN_64_TO_32_BIT_CONVERSION = YES;
				GCC_WARN_ABOUT_RETURN_TYPE = YES_ERROR;
				GCC_WARN_UNDECLARED_SELECTOR = YES;
				GCC_WARN_UNINITIALIZED_AUTOS = YES_AGGRESSIVE;
				GCC_WARN_UNUSED_FUNCTION = YES;
				GCC_WARN_UNUSED_VARIABLE = YES;
				IPHONEOS_DEPLOYMENT_TARGET = 9.0;
				MTL_ENABLE_DEBUG_INFO = NO;
				SDKROOT = iphoneos;
				SWIFT_OPTIMIZATION_LEVEL = "-Owholemodule";
				TARGETED_DEVICE_FAMILY = "1,2";
				VALIDATE_PRODUCT = YES;
			};
			name = Release;
		};
		037F0E361F1342EF001EBFE8 /* Debug */ = {
			isa = XCBuildConfiguration;
			buildSettings = {
				ASSETCATALOG_COMPILER_APPICON_NAME = AppIcon;
				DEVELOPMENT_TEAM = 4UP9H99AUM;
				INFOPLIST_FILE = GoWith/Info.plist;
				LD_RUNPATH_SEARCH_PATHS = "$(inherited) @executable_path/Frameworks";
				PRODUCT_BUNDLE_IDENTIFIER = com.with.GoWith;
				PRODUCT_NAME = "$(TARGET_NAME)";
				SDKROOT = iphoneos;
				SWIFT_VERSION = 3.0;
				TARGETED_DEVICE_FAMILY = "1,2";
			};
			name = Debug;
		};
		037F0E371F1342EF001EBFE8 /* Release */ = {
			isa = XCBuildConfiguration;
			buildSettings = {
				ASSETCATALOG_COMPILER_APPICON_NAME = AppIcon;
				DEVELOPMENT_TEAM = 4UP9H99AUM;
				INFOPLIST_FILE = GoWith/Info.plist;
				LD_RUNPATH_SEARCH_PATHS = "$(inherited) @executable_path/Frameworks";
				PRODUCT_BUNDLE_IDENTIFIER = com.with.GoWith;
				PRODUCT_NAME = "$(TARGET_NAME)";
				SDKROOT = iphoneos;
				SWIFT_VERSION = 3.0;
				TARGETED_DEVICE_FAMILY = "1,2";
			};
			name = Release;
		};
/* End XCBuildConfiguration section */

/* Begin XCConfigurationList section */
		037F0E1E1F1342EE001EBFE8 /* Build configuration list for PBXProject "GoWith" */ = {
			isa = XCConfigurationList;
			buildConfigurations = (
				037F0E331F1342EF001EBFE8 /* Debug */,
				037F0E341F1342EF001EBFE8 /* Release */,
			);
			defaultConfigurationIsVisible = 0;
			defaultConfigurationName = Release;
		};
		037F0E351F1342EF001EBFE8 /* Build configuration list for PBXNativeTarget "GoWith" */ = {
			isa = XCConfigurationList;
			buildConfigurations = (
				037F0E361F1342EF001EBFE8 /* Debug */,
				037F0E371F1342EF001EBFE8 /* Release */,
			);
			defaultConfigurationIsVisible = 0;
			defaultConfigurationName = Release;
		};
/* End XCConfigurationList section */
	};
	rootObject = 037F0E1B1F1342EE001EBFE8 /* Project object */;
}
